
Microsoft Visual Studio Solution File, Format Version 12.00
# Visual Studio Version 17
VisualStudioVersion = 17.14.36623.8
MinimumVisualStudioVersion = 10.0.40219.1
Project("{FAE04EC0-301F-11D3-BF4B-00C04F79EFBC}") = "UserService", "UserService\UserService.csproj", "{5E7F5A76-8078-480C-916A-D3D5DE753F4C}"
EndProject
Project("{FAE04EC0-301F-11D3-BF4B-00C04F79EFBC}") = "ProductService", "ProductService\ProductService.csproj", "{A48B418C-2476-4469-BCBA-D24B195B2B97}"
EndProject
Project("{FAE04EC0-301F-11D3-BF4B-00C04F79EFBC}") = "OrderService", "OrderService\OrderService.csproj", "{AF706DEC-7626-49FC-9EAF-911ABCDF5FCA}"
EndProject
Project("{FAE04EC0-301F-11D3-BF4B-00C04F79EFBC}") = "Api-Gateway", "Api-Gateway\Api-Gateway.csproj", "{692999DA-29AB-4351-8D21-4BEAD43D9351}"
EndProject
Project("{FAE04EC0-301F-11D3-BF4B-00C04F79EFBC}") = "InventoryService", "InventoryService\InventoryService.csproj", "{62B7C4AD-3EE7-40D4-BD51-F9E29C682D00}"
EndProject
Global
	GlobalSection(SolutionConfigurationPlatforms) = preSolution
		Debug|Any CPU = Debug|Any CPU
		Release|Any CPU = Release|Any CPU
	EndGlobalSection
	GlobalSection(ProjectConfigurationPlatforms) = postSolution
		{5E7F5A76-8078-480C-916A-D3D5DE753F4C}.Debug|Any CPU.ActiveCfg = Debug|Any CPU
		{5E7F5A76-8078-480C-916A-D3D5DE753F4C}.Debug|Any CPU.Build.0 = Debug|Any CPU
		{5E7F5A76-8078-480C-916A-D3D5DE753F4C}.Release|Any CPU.ActiveCfg = Release|Any CPU
		{5E7F5A76-8078-480C-916A-D3D5DE753F4C}.Release|Any CPU.Build.0 = Release|Any CPU
		{A48B418C-2476-4469-BCBA-D24B195B2B97}.Debug|Any CPU.ActiveCfg = Debug|Any CPU
		{A48B418C-2476-4469-BCBA-D24B195B2B97}.Debug|Any CPU.Build.0 = Debug|Any CPU
		{A48B418C-2476-4469-BCBA-D24B195B2B97}.Release|Any CPU.ActiveCfg = Release|Any CPU
		{A48B418C-2476-4469-BCBA-D24B195B2B97}.Release|Any CPU.Build.0 = Release|Any CPU
		{AF706DEC-7626-49FC-9EAF-911ABCDF5FCA}.Debug|Any CPU.ActiveCfg = Debug|Any CPU
		{AF706DEC-7626-49FC-9EAF-911ABCDF5FCA}.Debug|Any CPU.Build.0 = Debug|Any CPU
		{AF706DEC-7626-49FC-9EAF-911ABCDF5FCA}.Release|Any CPU.ActiveCfg = Release|Any CPU
		{AF706DEC-7626-49FC-9EAF-911ABCDF5FCA}.Release|Any CPU.Build.0 = Release|Any CPU
		{692999DA-29AB-4351-8D21-4BEAD43D9351}.Debug|Any CPU.ActiveCfg = Debug|Any CPU
		{692999DA-29AB-4351-8D21-4BEAD43D9351}.Debug|Any CPU.Build.0 = Debug|Any CPU
		{692999DA-29AB-4351-8D21-4BEAD43D9351}.Release|Any CPU.ActiveCfg = Release|Any CPU
		{692999DA-29AB-4351-8D21-4BEAD43D9351}.Release|Any CPU.Build.0 = Release|Any CPU
		{62B7C4AD-3EE7-40D4-BD51-F9E29C682D00}.Debug|Any CPU.ActiveCfg = Debug|Any CPU
		{62B7C4AD-3EE7-40D4-BD51-F9E29C682D00}.Debug|Any CPU.Build.0 = Debug|Any CPU
		{62B7C4AD-3EE7-40D4-BD51-F9E29C682D00}.Release|Any CPU.ActiveCfg = Release|Any CPU
		{62B7C4AD-3EE7-40D4-BD51-F9E29C682D00}.Release|Any CPU.Build.0 = Release|Any CPU
	EndGlobalSection
	GlobalSection(SolutionProperties) = preSolution
		HideSolutionNode = FALSE
	EndGlobalSection
	GlobalSection(ExtensibilityGlobals) = postSolution
		SolutionGuid = {D2FC9C63-5B2B-4941-88D5-32DFE9C8BCCE}
	EndGlobalSection
EndGlobal
